# THIS IS AN AUTOGENERATED FILE. DO NOT EDIT THIS FILE DIRECTLY.
# yarn lockfile v1


angular-resource@^1.6.2:
  version "1.6.2"
  resolved "http://registry.npm.taobao.org/angular-resource/download/angular-resource-1.6.2.tgz#fe09e3a723cd7a046b8871382e44f4f83f38557a"

angular-route@^1.6.2:
  version "1.6.2"
  resolved "http://registry.npm.taobao.org/angular-route/download/angular-route-1.6.2.tgz#95a349de2e73674f3dd783bb21e8d7b3fc526312"

angular@^1.6.2:
  version "1.6.2"
  resolved "http://registry.npm.taobao.org/angular/download/angular-1.6.2.tgz#d0b677242ac4bf9ae81424297c6320973af4bb5a"

bootstrap@^3.3.7:
  version "3.3.7"
  resolved "http://registry.npm.taobao.org/bootstrap/download/bootstrap-3.3.7.tgz#5a389394549f23330875a3b150656574f8a9eb71"
